<?xml version="1.0" encoding="utf-8"?>
<Project ToolsVersion="4.0" xmlns="http://schemas.microsoft.com/developer/msbuild/2003">
  <ItemGroup>
    <Filter Include="Source Files">
      <UniqueIdentifier>{4FC737F1-C7A5-4376-A066-2A32D752A2FF}</UniqueIdentifier>
      <Extensions>cpp;c;cc;cxx;def;odl;idl;hpj;bat;asm;asmx</Extensions>
    </Filter>
    <Filter Include="Header Files">
      <UniqueIdentifier>{93995380-89BD-4b04-88EB-625FBE52EBFB}</UniqueIdentifier>
      <Extensions>h;hh;hpp;hxx;hm;inl;inc;xsd</Extensions>
    </Filter>
    <Filter Include="Resource Files">
      <UniqueIdentifier>{67DA6AB6-F800-4c08-8B7A-83BB121AAD01}</UniqueIdentifier>
      <Extensions>rc;ico;cur;bmp;dlg;rc2;rct;bin;rgs;gif;jpg;jpeg;jpe;resx;tiff;tif;png;wav;mfcribbon-ms</Extensions>
    </Filter>
    <Filter Include="Source Files\Reimpl">
      <UniqueIdentifier>{7aa7f617-0e5b-4a8a-9516-89b00222c8e6}</UniqueIdentifier>
    </Filter>
    <Filter Include="Header Files\Reimpl">
      <UniqueIdentifier>{c1ec0f16-49e2-4038-be3e-ea808cf9a6a0}</UniqueIdentifier>
    </Filter>
    <Filter Include="Header Files\Compositor">
      <UniqueIdentifier>{673a20b5-d3b9-4546-944b-181deb80df17}</UniqueIdentifier>
    </Filter>
    <Filter Include="Source Files\Compositor">
      <UniqueIdentifier>{3c18fef8-7a03-4327-a030-771e0ffa4219}</UniqueIdentifier>
    </Filter>
    <Filter Include="Header Files\OpenVR">
      <UniqueIdentifier>{12eb05f6-fbdd-4b99-b1ce-d61859037ef7}</UniqueIdentifier>
    </Filter>
  </ItemGroup>
  <ItemGroup>
    <ClInclude Include="stdafx.h">
      <Filter>Header Files</Filter>
    </ClInclude>
    <ClInclude Include="targetver.h">
      <Filter>Header Files</Filter>
    </ClInclude>
    <ClInclude Include="libovr_wrapper.h">
      <Filter>Header Files</Filter>
    </ClInclude>
    <ClInclude Include="steamvr_abi.h">
      <Filter>Header Files</Filter>
    </ClInclude>
    <ClInclude Include="convert.h">
      <Filter>Header Files</Filter>
    </ClInclude>
    <ClInclude Include="Compositor\compositor.h">
      <Filter>Header Files\Compositor</Filter>
    </ClInclude>
    <ClInclude Include="Reimpl\CVRSystem017.h">
      <Filter>Header Files\Reimpl</Filter>
    </ClInclude>
    <ClInclude Include="Reimpl\CVRSystem015.h">
      <Filter>Header Files\Reimpl</Filter>
    </ClInclude>
    <ClInclude Include="OpenVR\interfaces\IVRApplications_006.h">
      <Filter>Header Files\OpenVR</Filter>
    </ClInclude>
    <ClInclude Include="OpenVR\interfaces\IVRChaperone_003.h">
      <Filter>Header Files\OpenVR</Filter>
    </ClInclude>
    <ClInclude Include="OpenVR\interfaces\IVRChaperoneSetup_005.h">
      <Filter>Header Files\OpenVR</Filter>
    </ClInclude>
    <ClInclude Include="OpenVR\interfaces\IVRCompositor_020.h">
      <Filter>Header Files\OpenVR</Filter>
    </ClInclude>
    <ClInclude Include="OpenVR\interfaces\IVRCompositor_022.h">
      <Filter>Header Files\OpenVR</Filter>
    </ClInclude>
    <ClInclude Include="OpenVR\interfaces\IVRExtendedDisplay_001.h">
      <Filter>Header Files\OpenVR</Filter>
    </ClInclude>
    <ClInclude Include="OpenVR\interfaces\IVRNotifications_002.h">
      <Filter>Header Files\OpenVR</Filter>
    </ClInclude>
    <ClInclude Include="OpenVR\interfaces\IVROverlay_016.h">
      <Filter>Header Files\OpenVR</Filter>
    </ClInclude>
    <ClInclude Include="OpenVR\interfaces\IVROverlay_017.h">
      <Filter>Header Files\OpenVR</Filter>
    </ClInclude>
    <ClInclude Include="OpenVR\interfaces\IVRRenderModels_005.h">
      <Filter>Header Files\OpenVR</Filter>
    </ClInclude>
    <ClInclude Include="OpenVR\interfaces\IVRResources_001.h">
      <Filter>Header Files\OpenVR</Filter>
    </ClInclude>
    <ClInclude Include="OpenVR\interfaces\IVRScreenshots_001.h">
      <Filter>Header Files\OpenVR</Filter>
    </ClInclude>
    <ClInclude Include="OpenVR\interfaces\IVRSettings_002.h">
      <Filter>Header Files\OpenVR</Filter>
    </ClInclude>
    <ClInclude Include="OpenVR\interfaces\IVRSystem_015.h">
      <Filter>Header Files\OpenVR</Filter>
    </ClInclude>
    <ClInclude Include="OpenVR\interfaces\IVRSystem_017.h">
      <Filter>Header Files\OpenVR</Filter>
    </ClInclude>
    <ClInclude Include="OpenVR\interfaces\IVRTrackedCamera_003.h">
      <Filter>Header Files\OpenVR</Filter>
    </ClInclude>
    <ClInclude Include="OpenVR\interfaces\openvr.h">
      <Filter>Header Files\OpenVR</Filter>
    </ClInclude>
    <ClInclude Include="OpenVR\interfaces\vrannotation.h">
      <Filter>Header Files\OpenVR</Filter>
    </ClInclude>
    <ClInclude Include="OpenVR\interfaces\vrtypes.h">
      <Filter>Header Files\OpenVR</Filter>
    </ClInclude>
    <ClInclude Include="Reimpl\CVRRenderModels005.h">
      <Filter>Header Files\Reimpl</Filter>
    </ClInclude>
    <ClInclude Include="Reimpl\CVRCompositor022.h">
      <Filter>Header Files\Reimpl</Filter>
    </ClInclude>
    <ClInclude Include="Reimpl\BaseCompositor.h">
      <Filter>Header Files\Reimpl</Filter>
    </ClInclude>
    <ClInclude Include="Reimpl\CVRCompositor020.h">
      <Filter>Header Files\Reimpl</Filter>
    </ClInclude>
    <ClInclude Include="Reimpl\BaseSystem.h">
      <Filter>Header Files\Reimpl</Filter>
    </ClInclude>
  </ItemGroup>
  <ItemGroup>
    <ClCompile Include="stdafx.cpp">
      <Filter>Source Files</Filter>
    </ClCompile>
    <ClCompile Include="OpenOVR.cpp">
      <Filter>Source Files</Filter>
    </ClCompile>
    <ClCompile Include="dllmain.cpp">
      <Filter>Source Files</Filter>
    </ClCompile>
    <ClCompile Include="libovr_wrapper.cpp">
      <Filter>Source Files</Filter>
    </ClCompile>
    <ClCompile Include="convert.cpp">
      <Filter>Source Files</Filter>
    </ClCompile>
    <ClCompile Include="Compositor\dx12compositor.cpp">
      <Filter>Source Files\Compositor</Filter>
    </ClCompile>
    <ClCompile Include="Compositor\dx11compositor.cpp">
      <Filter>Source Files\Compositor</Filter>
    </ClCompile>
    <ClCompile Include="Compositor\glcompositor.cpp">
      <Filter>Source Files\Compositor</Filter>
    </ClCompile>
    <ClCompile Include="Reimpl\BaseCompositor.cpp">
      <Filter>Source Files\Reimpl</Filter>
    </ClCompile>
    <ClCompile Include="Reimpl\CVRSystem017.cpp">
      <Filter>Source Files\Reimpl</Filter>
    </ClCompile>
    <ClCompile Include="Reimpl\CVRCompositor022.cpp">
      <Filter>Source Files\Reimpl</Filter>
    </ClCompile>
    <ClCompile Include="Reimpl\CVRSystem015.cpp">
      <Filter>Source Files\Reimpl</Filter>
    </ClCompile>
    <ClCompile Include="Reimpl\CVRRenderModels005.cpp">
      <Filter>Source Files\Reimpl</Filter>
    </ClCompile>
    <ClCompile Include="Reimpl\CVRCompositor020.cpp">
      <Filter>Source Files\Reimpl</Filter>
    </ClCompile>
    <ClCompile Include="Reimpl\BaseSystem.cpp">
      <Filter>Source Files\Reimpl</Filter>
    </ClCompile>
  </ItemGroup>
</Project>