<?xml version="1.0" encoding="utf-8"?>
<Project ToolsVersion="4.0" xmlns="http://schemas.microsoft.com/developer/msbuild/2003">
  <ItemGroup>
    <Filter Include="Source Files">
      <UniqueIdentifier>{4FC737F1-C7A5-4376-A066-2A32D752A2FF}</UniqueIdentifier>
      <Extensions>cpp;c;cc;cxx;def;odl;idl;hpj;bat;asm;asmx</Extensions>
    </Filter>
    <Filter Include="Header Files">
      <UniqueIdentifier>{93995380-89BD-4b04-88EB-625FBE52EBFB}</UniqueIdentifier>
      <Extensions>h;hh;hpp;hxx;hm;inl;inc;xsd</Extensions>
    </Filter>
    <Filter Include="Resource Files">
      <UniqueIdentifier>{67DA6AB6-F800-4c08-8B7A-83BB121AAD01}</UniqueIdentifier>
      <Extensions>rc;ico;cur;bmp;dlg;rc2;rct;bin;rgs;gif;jpg;jpeg;jpe;resx;tiff;tif;png;wav;mfcribbon-ms</Extensions>
    </Filter>
    <Filter Include="Source Files\Reimpl">
      <UniqueIdentifier>{7aa7f617-0e5b-4a8a-9516-89b00222c8e6}</UniqueIdentifier>
    </Filter>
    <Filter Include="Header Files\Reimpl">
      <UniqueIdentifier>{c1ec0f16-49e2-4038-be3e-ea808cf9a6a0}</UniqueIdentifier>
    </Filter>
    <Filter Include="Header Files\Compositor">
      <UniqueIdentifier>{673a20b5-d3b9-4546-944b-181deb80df17}</UniqueIdentifier>
    </Filter>
    <Filter Include="Source Files\Compositor">
      <UniqueIdentifier>{3c18fef8-7a03-4327-a030-771e0ffa4219}</UniqueIdentifier>
    </Filter>
    <Filter Include="Header Files\OpenVR">
      <UniqueIdentifier>{12eb05f6-fbdd-4b99-b1ce-d61859037ef7}</UniqueIdentifier>
    </Filter>
    <Filter Include="Source Files\Misc">
      <UniqueIdentifier>{e877b4ca-4217-4f43-8081-a9af075a64f1}</UniqueIdentifier>
    </Filter>
    <Filter Include="Header Files\Misc">
      <UniqueIdentifier>{52948503-33e2-4d78-839c-5f6b8d1ed600}</UniqueIdentifier>
    </Filter>
    <Filter Include="Header Files\OpenVR\Custom">
      <UniqueIdentifier>{1f5ccf47-7833-433f-8759-5d7c216a6d33}</UniqueIdentifier>
    </Filter>
    <Filter Include="Source Files\Reimpl\StubDefs">
      <UniqueIdentifier>{ff4b942f-ed6d-486e-8e49-293acef3e718}</UniqueIdentifier>
    </Filter>
    <Filter Include="Header Files\API">
      <UniqueIdentifier>{b004aa96-4481-40b7-b959-4d8cd958bcaf}</UniqueIdentifier>
    </Filter>
    <Filter Include="Source Files\API">
      <UniqueIdentifier>{2d53b4d6-7cb2-43ff-af84-a81b5dc75d9b}</UniqueIdentifier>
    </Filter>
  </ItemGroup>
  <ItemGroup>
    <ClInclude Include="stdafx.h">
      <Filter>Header Files</Filter>
    </ClInclude>
    <ClInclude Include="targetver.h">
      <Filter>Header Files</Filter>
    </ClInclude>
    <ClInclude Include="libovr_wrapper.h">
      <Filter>Header Files</Filter>
    </ClInclude>
    <ClInclude Include="steamvr_abi.h">
      <Filter>Header Files</Filter>
    </ClInclude>
    <ClInclude Include="convert.h">
      <Filter>Header Files</Filter>
    </ClInclude>
    <ClInclude Include="Compositor\compositor.h">
      <Filter>Header Files\Compositor</Filter>
    </ClInclude>
    <ClInclude Include="Reimpl\BaseChaperone.h">
      <Filter>Header Files\Reimpl</Filter>
    </ClInclude>
    <ClInclude Include="OpenVR\interfaces\IVRSystem_016.h">
      <Filter>Header Files\OpenVR</Filter>
    </ClInclude>
    <ClInclude Include="OpenVR\interfaces\IVRApplications_006.h">
      <Filter>Header Files\OpenVR</Filter>
    </ClInclude>
    <ClInclude Include="OpenVR\interfaces\IVRChaperone_003.h">
      <Filter>Header Files\OpenVR</Filter>
    </ClInclude>
    <ClInclude Include="OpenVR\interfaces\IVRChaperoneSetup_005.h">
      <Filter>Header Files\OpenVR</Filter>
    </ClInclude>
    <ClInclude Include="OpenVR\interfaces\IVRCompositor_020.h">
      <Filter>Header Files\OpenVR</Filter>
    </ClInclude>
    <ClInclude Include="OpenVR\interfaces\IVRCompositor_022.h">
      <Filter>Header Files\OpenVR</Filter>
    </ClInclude>
    <ClInclude Include="OpenVR\interfaces\IVRExtendedDisplay_001.h">
      <Filter>Header Files\OpenVR</Filter>
    </ClInclude>
    <ClInclude Include="OpenVR\interfaces\IVRNotifications_002.h">
      <Filter>Header Files\OpenVR</Filter>
    </ClInclude>
    <ClInclude Include="OpenVR\interfaces\IVROverlay_016.h">
      <Filter>Header Files\OpenVR</Filter>
    </ClInclude>
    <ClInclude Include="OpenVR\interfaces\IVROverlay_017.h">
      <Filter>Header Files\OpenVR</Filter>
    </ClInclude>
    <ClInclude Include="OpenVR\interfaces\IVRRenderModels_005.h">
      <Filter>Header Files\OpenVR</Filter>
    </ClInclude>
    <ClInclude Include="OpenVR\interfaces\IVRResources_001.h">
      <Filter>Header Files\OpenVR</Filter>
    </ClInclude>
    <ClInclude Include="OpenVR\interfaces\IVRScreenshots_001.h">
      <Filter>Header Files\OpenVR</Filter>
    </ClInclude>
    <ClInclude Include="OpenVR\interfaces\IVRSettings_002.h">
      <Filter>Header Files\OpenVR</Filter>
    </ClInclude>
    <ClInclude Include="OpenVR\interfaces\IVRSystem_015.h">
      <Filter>Header Files\OpenVR</Filter>
    </ClInclude>
    <ClInclude Include="OpenVR\interfaces\IVRSystem_017.h">
      <Filter>Header Files\OpenVR</Filter>
    </ClInclude>
    <ClInclude Include="OpenVR\interfaces\IVRTrackedCamera_003.h">
      <Filter>Header Files\OpenVR</Filter>
    </ClInclude>
    <ClInclude Include="OpenVR\interfaces\openvr.h">
      <Filter>Header Files\OpenVR</Filter>
    </ClInclude>
    <ClInclude Include="OpenVR\interfaces\vrannotation.h">
      <Filter>Header Files\OpenVR</Filter>
    </ClInclude>
    <ClInclude Include="OpenVR\interfaces\vrtypes.h">
      <Filter>Header Files\OpenVR</Filter>
    </ClInclude>
    <ClInclude Include="Reimpl\BaseCompositor.h">
      <Filter>Header Files\Reimpl</Filter>
    </ClInclude>
    <ClInclude Include="Reimpl\BaseScreenshots.h">
      <Filter>Header Files\Reimpl</Filter>
    </ClInclude>
    <ClInclude Include="Misc\Haptics.h">
      <Filter>Header Files\Misc</Filter>
    </ClInclude>
    <ClInclude Include="Reimpl\BaseSystem.h">
      <Filter>Header Files\Reimpl</Filter>
    </ClInclude>
    <ClInclude Include="Reimpl\BaseOverlay.h">
      <Filter>Header Files\Reimpl</Filter>
    </ClInclude>
    <ClInclude Include="Reimpl\BaseSettings.h">
      <Filter>Header Files\Reimpl</Filter>
    </ClInclude>
    <ClInclude Include="logging.h">
      <Filter>Header Files</Filter>
    </ClInclude>
    <ClInclude Include="Reimpl\BaseChaperoneSetup.h">
      <Filter>Header Files\Reimpl</Filter>
    </ClInclude>
    <ClInclude Include="BaseCommon.h">
      <Filter>Header Files</Filter>
    </ClInclude>
    <ClInclude Include="Misc\debug_helper.h">
      <Filter>Source Files\Misc</Filter>
    </ClInclude>
    <ClInclude Include="OpenVR\interfaces\IVRDriverManager_001.h">
      <Filter>Header Files\OpenVR</Filter>
    </ClInclude>
    <ClInclude Include="OpenVR\interfaces\IVROverlay_018.h">
      <Filter>Header Files\OpenVR</Filter>
    </ClInclude>
    <ClInclude Include="OpenVR\interfaces\IVRSystem_019.h">
      <Filter>Header Files\OpenVR</Filter>
    </ClInclude>
    <ClInclude Include="Reimpl\BaseRenderModels.h">
      <Filter>Header Files\Reimpl</Filter>
    </ClInclude>
    <ClInclude Include="Reimpl\Interfaces.h">
      <Filter>Header Files\Reimpl</Filter>
    </ClInclude>
    <ClInclude Include="OpenVR\interfaces\IVRCompositor_019.h">
      <Filter>Header Files\OpenVR</Filter>
    </ClInclude>
    <ClInclude Include="OpenVR\interfaces\IVROverlay_014.h">
      <Filter>Header Files\OpenVR</Filter>
    </ClInclude>
    <ClInclude Include="OpenVR\interfaces\IVRCompositor_021.h">
      <Filter>Header Files\OpenVR</Filter>
    </ClInclude>
    <ClInclude Include="Misc\audio_override.h">
      <Filter>Header Files\Misc</Filter>
    </ClInclude>
    <ClInclude Include="OpenVR\interfaces\IVRApplications_004.h">
      <Filter>Header Files\OpenVR</Filter>
    </ClInclude>
    <ClInclude Include="OpenVR\interfaces\IVRCompositor_013.h">
      <Filter>Header Files\OpenVR</Filter>
    </ClInclude>
    <ClInclude Include="OpenVR\interfaces\IVROverlay_010.h">
      <Filter>Header Files\OpenVR</Filter>
    </ClInclude>
    <ClInclude Include="OpenVR\interfaces\IVRRenderModels_004.h">
      <Filter>Header Files\OpenVR</Filter>
    </ClInclude>
    <ClInclude Include="OpenVR\interfaces\IVRSettings_001.h">
      <Filter>Header Files\OpenVR</Filter>
    </ClInclude>
    <ClInclude Include="OpenVR\interfaces\IVRSystem_011.h">
      <Filter>Header Files\OpenVR</Filter>
    </ClInclude>
    <ClInclude Include="custom_types.h">
      <Filter>Header Files</Filter>
    </ClInclude>
    <ClInclude Include="OpenVR\interfaces\IVRApplications_005.h">
      <Filter>Header Files\OpenVR</Filter>
    </ClInclude>
    <ClInclude Include="OpenVR\interfaces\IVROverlay_011.h">
      <Filter>Header Files\OpenVR</Filter>
    </ClInclude>
    <ClInclude Include="OpenVR\interfaces\IVRSystem_012.h">
      <Filter>Header Files\OpenVR</Filter>
    </ClInclude>
    <ClInclude Include="OpenVR\interfaces\IVRCompositor_016.h">
      <Filter>Header Files\OpenVR</Filter>
    </ClInclude>
    <ClInclude Include="OpenVR\interfaces\IVROverlay_013.h">
      <Filter>Header Files\OpenVR</Filter>
    </ClInclude>
    <ClInclude Include="Reimpl\static_bases.gen.h">
      <Filter>Header Files\Reimpl</Filter>
    </ClInclude>
    <ClInclude Include="resources.h">
      <Filter>Header Files</Filter>
    </ClInclude>
    <ClInclude Include="Misc\ini.h">
      <Filter>Header Files\Misc</Filter>
    </ClInclude>
    <ClInclude Include="Misc\Config.h">
      <Filter>Header Files\Misc</Filter>
    </ClInclude>
    <ClInclude Include="Reimpl\BaseExtendedDisplay.h">
      <Filter>Header Files\Reimpl</Filter>
    </ClInclude>
    <ClInclude Include="OpenVR\interfaces\IVRCompositor_012.h">
      <Filter>Header Files\OpenVR</Filter>
    </ClInclude>
    <ClInclude Include="OpenVR\interfaces\IVRCompositor_018.h">
      <Filter>Header Files\OpenVR</Filter>
    </ClInclude>
    <ClInclude Include="OpenVR\interfaces\IVRSystem_014.h">
      <Filter>Header Files\OpenVR</Filter>
    </ClInclude>
    <ClInclude Include="Reimpl\BaseApplications.h">
      <Filter>Header Files\Reimpl</Filter>
    </ClInclude>
    <ClInclude Include="OpenVR\interfaces\IVRInput_004.h">
      <Filter>Header Files\OpenVR</Filter>
    </ClInclude>
    <ClInclude Include="OpenVR\interfaces\IVRIOBuffer_001.h">
      <Filter>Header Files\OpenVR</Filter>
    </ClInclude>
    <ClInclude Include="OpenVR\interfaces\IVRRenderModels_006.h">
      <Filter>Header Files\OpenVR</Filter>
    </ClInclude>
    <ClInclude Include="OpenVR\interfaces\IVRSpatialAnchors_001.h">
      <Filter>Header Files\OpenVR</Filter>
    </ClInclude>
    <ClInclude Include="Reimpl\BaseInput.h">
      <Filter>Header Files\Reimpl</Filter>
    </ClInclude>
    <ClInclude Include="Reimpl\BaseClientCore.h">
      <Filter>Header Files\Reimpl</Filter>
    </ClInclude>
    <ClInclude Include="OpenVR\custom_interfaces\IVRClientCore_003.h">
      <Filter>Header Files\OpenVR\Custom</Filter>
    </ClInclude>
    <ClInclude Include="OpenVR\custom_interfaces\IVRCompositor_017.h">
      <Filter>Header Files\OpenVR\Custom</Filter>
    </ClInclude>
    <ClInclude Include="OpenVR\custom_interfaces\IVRClientCore_002.h">
      <Filter>Header Files\OpenVR\Custom</Filter>
    </ClInclude>
    <ClInclude Include="API\ISystem_001.h">
      <Filter>Header Files\API</Filter>
    </ClInclude>
    <ClInclude Include="API\OCBaseSystem.h">
      <Filter>Header Files\API</Filter>
    </ClInclude>
    <ClInclude Include="OpenVR\interfaces\IVRCompositor_014.h">
      <Filter>Header Files\OpenVR</Filter>
    </ClInclude>
    <ClInclude Include="OpenVR\interfaces\IVRCompositor_015.h">
      <Filter>Header Files\OpenVR</Filter>
    </ClInclude>
    <ClInclude Include="OpenVR\interfaces\IVROverlay_012.h">
      <Filter>Header Files\OpenVR</Filter>
    </ClInclude>
    <ClInclude Include="Misc\ScopeGuard.h">
      <Filter>Source Files\Misc</Filter>
    </ClInclude>
  </ItemGroup>
  <ItemGroup>
    <ClCompile Include="stdafx.cpp">
      <Filter>Source Files</Filter>
    </ClCompile>
    <ClCompile Include="OpenOVR.cpp">
      <Filter>Source Files</Filter>
    </ClCompile>
    <ClCompile Include="dllmain.cpp">
      <Filter>Source Files</Filter>
    </ClCompile>
    <ClCompile Include="libovr_wrapper.cpp">
      <Filter>Source Files</Filter>
    </ClCompile>
    <ClCompile Include="convert.cpp">
      <Filter>Source Files</Filter>
    </ClCompile>
    <ClCompile Include="Compositor\dx12compositor.cpp">
      <Filter>Source Files\Compositor</Filter>
    </ClCompile>
    <ClCompile Include="Compositor\dx11compositor.cpp">
      <Filter>Source Files\Compositor</Filter>
    </ClCompile>
    <ClCompile Include="Compositor\glcompositor.cpp">
      <Filter>Source Files\Compositor</Filter>
    </ClCompile>
    <ClCompile Include="Reimpl\BaseCompositor.cpp">
      <Filter>Source Files\Reimpl</Filter>
    </ClCompile>
    <ClCompile Include="Reimpl\BaseSystem.cpp">
      <Filter>Source Files\Reimpl</Filter>
    </ClCompile>
    <ClCompile Include="Reimpl\BaseOverlay.cpp">
      <Filter>Source Files\Reimpl</Filter>
    </ClCompile>
    <ClCompile Include="Reimpl\BaseSettings.cpp">
      <Filter>Source Files\Reimpl</Filter>
    </ClCompile>
    <ClCompile Include="logging.cpp">
      <Filter>Source Files</Filter>
    </ClCompile>
    <ClCompile Include="Reimpl\BaseChaperone.cpp">
      <Filter>Source Files\Reimpl</Filter>
    </ClCompile>
    <ClCompile Include="Reimpl\BaseChaperoneSetup.cpp">
      <Filter>Source Files\Reimpl</Filter>
    </ClCompile>
    <ClCompile Include="Reimpl\BaseScreenshots.cpp">
      <Filter>Source Files\Reimpl</Filter>
    </ClCompile>
    <ClCompile Include="Misc\Haptics.cpp">
      <Filter>Source Files\Misc</Filter>
    </ClCompile>
    <ClCompile Include="Misc\debug_helper.cpp">
      <Filter>Source Files\Misc</Filter>
    </ClCompile>
    <ClCompile Include="Reimpl\stubs.gen.cpp">
      <Filter>Source Files\Reimpl</Filter>
    </ClCompile>
    <ClCompile Include="Reimpl\CVRSystem.cpp">
      <Filter>Source Files\Reimpl\StubDefs</Filter>
    </ClCompile>
    <ClCompile Include="Reimpl\CVRCompositor.cpp">
      <Filter>Source Files\Reimpl\StubDefs</Filter>
    </ClCompile>
    <ClCompile Include="Reimpl\CVRChaperone.cpp">
      <Filter>Source Files\Reimpl\StubDefs</Filter>
    </ClCompile>
    <ClCompile Include="Reimpl\CVROverlay.cpp">
      <Filter>Source Files\Reimpl\StubDefs</Filter>
    </ClCompile>
    <ClCompile Include="Reimpl\CVRChaperoneSetup.cpp">
      <Filter>Source Files\Reimpl\StubDefs</Filter>
    </ClCompile>
    <ClCompile Include="Reimpl\BaseRenderModels.cpp">
      <Filter>Source Files\Reimpl</Filter>
    </ClCompile>
    <ClCompile Include="Reimpl\CVRRenderModels.cpp">
      <Filter>Source Files\Reimpl\StubDefs</Filter>
    </ClCompile>
    <ClCompile Include="Reimpl\CVRScreenshots.cpp">
      <Filter>Source Files\Reimpl\StubDefs</Filter>
    </ClCompile>
    <ClCompile Include="Reimpl\CVRSettings.cpp">
      <Filter>Source Files\Reimpl\StubDefs</Filter>
    </ClCompile>
    <ClCompile Include="Misc\audio_override.cpp">
      <Filter>Source Files\Misc</Filter>
    </ClCompile>
    <ClCompile Include="Misc\ini.c">
      <Filter>Source Files\Misc</Filter>
    </ClCompile>
    <ClCompile Include="Misc\Config.cpp">
      <Filter>Source Files\Misc</Filter>
    </ClCompile>
    <ClCompile Include="Reimpl\CVRExtendedDisplay.cpp">
      <Filter>Source Files\Reimpl\StubDefs</Filter>
    </ClCompile>
    <ClCompile Include="Reimpl\BaseExtendedDisplay.cpp">
      <Filter>Source Files\Reimpl</Filter>
    </ClCompile>
    <ClCompile Include="Reimpl\BaseApplications.cpp">
      <Filter>Source Files\Reimpl</Filter>
    </ClCompile>
    <ClCompile Include="Reimpl\CVRApplications.cpp">
      <Filter>Source Files\Reimpl\StubDefs</Filter>
    </ClCompile>
    <ClCompile Include="Reimpl\BaseInput.cpp">
      <Filter>Source Files\Reimpl</Filter>
    </ClCompile>
    <ClCompile Include="Reimpl\CVRInput.cpp">
      <Filter>Source Files\Reimpl\StubDefs</Filter>
    </ClCompile>
    <ClCompile Include="Reimpl\BaseClientCore.cpp">
      <Filter>Source Files\Reimpl</Filter>
    </ClCompile>
    <ClCompile Include="Reimpl\CVRClientCore.cpp">
      <Filter>Source Files\Reimpl\StubDefs</Filter>
    </ClCompile>
    <ClCompile Include="Reimpl\CVROCSystem.cpp">
      <Filter>Source Files\Reimpl\StubDefs</Filter>
    </ClCompile>
    <ClCompile Include="API\OCBaseSystem.cpp">
      <Filter>Source Files\API</Filter>
    </ClCompile>
    <ClCompile Include="Compositor\compositor.cpp">
      <Filter>Source Files\Compositor</Filter>
    </ClCompile>
    <ClCompile Include="Compositor\vkcompositor.cpp">
      <Filter>Source Files\Compositor</Filter>
    </ClCompile>
    <ClCompile Include="Compositor\dx10compositor.cpp">
      <Filter>Source Files\Compositor</Filter>
    </ClCompile>
  </ItemGroup>
  <ItemGroup>
    <ResourceCompile Include="resources.rc">
      <Filter>Resource Files</Filter>
    </ResourceCompile>
  </ItemGroup>
</Project>