<?xml version="1.0" encoding="utf-8"?>
<Project ToolsVersion="4.0" xmlns="http://schemas.microsoft.com/developer/msbuild/2003">
  <ItemGroup>
    <Filter Include="Source Files">
      <UniqueIdentifier>{4FC737F1-C7A5-4376-A066-2A32D752A2FF}</UniqueIdentifier>
      <Extensions>cpp;c;cc;cxx;def;odl;idl;hpj;bat;asm;asmx</Extensions>
    </Filter>
    <Filter Include="Header Files">
      <UniqueIdentifier>{93995380-89BD-4b04-88EB-625FBE52EBFB}</UniqueIdentifier>
      <Extensions>h;hh;hpp;hxx;hm;inl;inc;xsd</Extensions>
    </Filter>
    <Filter Include="Resource Files">
      <UniqueIdentifier>{67DA6AB6-F800-4c08-8B7A-83BB121AAD01}</UniqueIdentifier>
      <Extensions>rc;ico;cur;bmp;dlg;rc2;rct;bin;rgs;gif;jpg;jpeg;jpe;resx;tiff;tif;png;wav;mfcribbon-ms</Extensions>
    </Filter>
    <Filter Include="Header Files\OpenVR">
      <UniqueIdentifier>{4359d83e-ee58-4202-9115-7db45022f810}</UniqueIdentifier>
    </Filter>
    <Filter Include="Source Files\Reimpl">
      <UniqueIdentifier>{7aa7f617-0e5b-4a8a-9516-89b00222c8e6}</UniqueIdentifier>
    </Filter>
    <Filter Include="Header Files\Reimpl">
      <UniqueIdentifier>{c1ec0f16-49e2-4038-be3e-ea808cf9a6a0}</UniqueIdentifier>
    </Filter>
    <Filter Include="Header Files\Compositor">
      <UniqueIdentifier>{673a20b5-d3b9-4546-944b-181deb80df17}</UniqueIdentifier>
    </Filter>
    <Filter Include="Source Files\Compositor">
      <UniqueIdentifier>{3c18fef8-7a03-4327-a030-771e0ffa4219}</UniqueIdentifier>
    </Filter>
  </ItemGroup>
  <ItemGroup>
    <ClInclude Include="stdafx.h">
      <Filter>Header Files</Filter>
    </ClInclude>
    <ClInclude Include="targetver.h">
      <Filter>Header Files</Filter>
    </ClInclude>
    <ClInclude Include="OpenVR\ivrapplications.h">
      <Filter>Header Files\OpenVR</Filter>
    </ClInclude>
    <ClInclude Include="OpenVR\ivrchaperone.h">
      <Filter>Header Files\OpenVR</Filter>
    </ClInclude>
    <ClInclude Include="OpenVR\ivrcompositor.h">
      <Filter>Header Files\OpenVR</Filter>
    </ClInclude>
    <ClInclude Include="OpenVR\ivrsettings.h">
      <Filter>Header Files\OpenVR</Filter>
    </ClInclude>
    <ClInclude Include="OpenVR\ivrsystem.h">
      <Filter>Header Files\OpenVR</Filter>
    </ClInclude>
    <ClInclude Include="OpenVR\openvr.h">
      <Filter>Header Files\OpenVR</Filter>
    </ClInclude>
    <ClInclude Include="OpenVR\vrannotation.h">
      <Filter>Header Files\OpenVR</Filter>
    </ClInclude>
    <ClInclude Include="OpenVR\vrtypes.h">
      <Filter>Header Files\OpenVR</Filter>
    </ClInclude>
    <ClInclude Include="libovr_wrapper.h">
      <Filter>Header Files</Filter>
    </ClInclude>
    <ClInclude Include="steamvr_abi.h">
      <Filter>Header Files</Filter>
    </ClInclude>
    <ClInclude Include="Reimpl\CVRSystem.h">
      <Filter>Header Files\Reimpl</Filter>
    </ClInclude>
    <ClInclude Include="convert.h">
      <Filter>Header Files</Filter>
    </ClInclude>
    <ClInclude Include="OpenVR\ivrrendermodels.h">
      <Filter>Header Files\OpenVR</Filter>
    </ClInclude>
    <ClInclude Include="Reimpl\CVRRenderModels.h">
      <Filter>Header Files\Reimpl</Filter>
    </ClInclude>
    <ClInclude Include="Reimpl\CVRCompositor.h">
      <Filter>Header Files\Reimpl</Filter>
    </ClInclude>
    <ClInclude Include="ImplAccess.h">
      <Filter>Header Files</Filter>
    </ClInclude>
    <ClInclude Include="Compositor\compositor.h">
      <Filter>Header Files\Compositor</Filter>
    </ClInclude>
  </ItemGroup>
  <ItemGroup>
    <ClCompile Include="stdafx.cpp">
      <Filter>Source Files</Filter>
    </ClCompile>
    <ClCompile Include="OpenOVR.cpp">
      <Filter>Source Files</Filter>
    </ClCompile>
    <ClCompile Include="dllmain.cpp">
      <Filter>Source Files</Filter>
    </ClCompile>
    <ClCompile Include="libovr_wrapper.cpp">
      <Filter>Source Files</Filter>
    </ClCompile>
    <ClCompile Include="Reimpl\CVRSystem.cpp">
      <Filter>Source Files\Reimpl</Filter>
    </ClCompile>
    <ClCompile Include="convert.cpp">
      <Filter>Source Files</Filter>
    </ClCompile>
    <ClCompile Include="Reimpl\CVRRenderModels.cpp">
      <Filter>Source Files\Reimpl</Filter>
    </ClCompile>
    <ClCompile Include="Reimpl\CVRCompositor.cpp">
      <Filter>Source Files\Reimpl</Filter>
    </ClCompile>
    <ClCompile Include="Compositor\dx12compositor.cpp">
      <Filter>Source Files\Compositor</Filter>
    </ClCompile>
  </ItemGroup>
</Project>